
Microsoft Visual Studio Solution File, Format Version 12.00
# Visual Studio Version 17
VisualStudioVersion = 17.1.32228.430
MinimumVisualStudioVersion = 10.0.40219.1
Project("{2150E333-8FDC-42A3-9474-1A3956D46DE8}") = "src", "src", "{CA9AC87F-097E-4F15-8393-4BC07735A5B0}"
EndProject
Project("{2150E333-8FDC-42A3-9474-1A3956D46DE8}") = "test", "test", "{04DBDB01-70F4-4E06-B468-8F87850B22BE}"
EndProject
Project("{9A19103F-16F7-4668-BE54-9A1E7A4F7556}") = "MiniJob.TestBase", "test\MiniJob.TestBase\MiniJob.TestBase.csproj", "{91853F21-9CD9-4132-BC29-A7D5D84FFFE7}"
EndProject
Project("{9A19103F-16F7-4668-BE54-9A1E7A4F7556}") = "MiniJob.ConsoleTestApp", "test\MiniJob.ConsoleTestApp\MiniJob.ConsoleTestApp.csproj", "{EF480016-9127-4916-8735-D2466BDBC582}"
EndProject
Project("{9A19103F-16F7-4668-BE54-9A1E7A4F7556}") = "MiniJob.Dapr", "src\MiniJob.Dapr\MiniJob.Dapr.csproj", "{B8C7BBB5-8173-496E-A907-6652EEFDB38A}"
EndProject
Project("{2150E333-8FDC-42A3-9474-1A3956D46DE8}") = "dapr", "dapr", "{EBF79182-B0B1-4856-8A06-C7B76E2839BC}"
	ProjectSection(SolutionItems) = preProject
		dapr\config.yaml = dapr\config.yaml
	EndProjectSection
EndProject
Project("{2150E333-8FDC-42A3-9474-1A3956D46DE8}") = "gateways", "gateways", "{0400A1FA-BA58-4432-9824-E9CD4645B5B4}"
EndProject
Project("{9A19103F-16F7-4668-BE54-9A1E7A4F7556}") = "MiniJob.Gateway", "gateways\MiniJob.Gateway\MiniJob.Gateway.csproj", "{ED76B9EE-5694-46E7-B665-1CD58EAAFB77}"
EndProject
Project("{2150E333-8FDC-42A3-9474-1A3956D46DE8}") = "components", "components", "{5386112E-F636-4CC9-8DC0-35724E9691FA}"
	ProjectSection(SolutionItems) = preProject
		dapr\components\statestore.yaml = dapr\components\statestore.yaml
	EndProjectSection
EndProject
Project("{9A19103F-16F7-4668-BE54-9A1E7A4F7556}") = "MiniJob", "src\MiniJob\MiniJob.csproj", "{8574891B-8019-48C1-A853-8E0BDA025B5F}"
EndProject
Project("{9A19103F-16F7-4668-BE54-9A1E7A4F7556}") = "MiniJob.Common", "src\MiniJob.Common\MiniJob.Common.csproj", "{4F28C74A-BA2E-4BD3-9B7A-DECF62F4AF5A}"
EndProject
Global
	GlobalSection(SolutionConfigurationPlatforms) = preSolution
		Debug|Any CPU = Debug|Any CPU
		Release|Any CPU = Release|Any CPU
	EndGlobalSection
	GlobalSection(ProjectConfigurationPlatforms) = postSolution
		{91853F21-9CD9-4132-BC29-A7D5D84FFFE7}.Debug|Any CPU.ActiveCfg = Debug|Any CPU
		{91853F21-9CD9-4132-BC29-A7D5D84FFFE7}.Debug|Any CPU.Build.0 = Debug|Any CPU
		{91853F21-9CD9-4132-BC29-A7D5D84FFFE7}.Release|Any CPU.ActiveCfg = Release|Any CPU
		{91853F21-9CD9-4132-BC29-A7D5D84FFFE7}.Release|Any CPU.Build.0 = Release|Any CPU
		{EF480016-9127-4916-8735-D2466BDBC582}.Debug|Any CPU.ActiveCfg = Debug|Any CPU
		{EF480016-9127-4916-8735-D2466BDBC582}.Debug|Any CPU.Build.0 = Debug|Any CPU
		{EF480016-9127-4916-8735-D2466BDBC582}.Release|Any CPU.ActiveCfg = Release|Any CPU
		{EF480016-9127-4916-8735-D2466BDBC582}.Release|Any CPU.Build.0 = Release|Any CPU
		{B8C7BBB5-8173-496E-A907-6652EEFDB38A}.Debug|Any CPU.ActiveCfg = Debug|Any CPU
		{B8C7BBB5-8173-496E-A907-6652EEFDB38A}.Debug|Any CPU.Build.0 = Debug|Any CPU
		{B8C7BBB5-8173-496E-A907-6652EEFDB38A}.Release|Any CPU.ActiveCfg = Release|Any CPU
		{B8C7BBB5-8173-496E-A907-6652EEFDB38A}.Release|Any CPU.Build.0 = Release|Any CPU
		{ED76B9EE-5694-46E7-B665-1CD58EAAFB77}.Debug|Any CPU.ActiveCfg = Debug|Any CPU
		{ED76B9EE-5694-46E7-B665-1CD58EAAFB77}.Debug|Any CPU.Build.0 = Debug|Any CPU
		{ED76B9EE-5694-46E7-B665-1CD58EAAFB77}.Release|Any CPU.ActiveCfg = Release|Any CPU
		{ED76B9EE-5694-46E7-B665-1CD58EAAFB77}.Release|Any CPU.Build.0 = Release|Any CPU
		{8574891B-8019-48C1-A853-8E0BDA025B5F}.Debug|Any CPU.ActiveCfg = Debug|Any CPU
		{8574891B-8019-48C1-A853-8E0BDA025B5F}.Debug|Any CPU.Build.0 = Debug|Any CPU
		{8574891B-8019-48C1-A853-8E0BDA025B5F}.Release|Any CPU.ActiveCfg = Release|Any CPU
		{8574891B-8019-48C1-A853-8E0BDA025B5F}.Release|Any CPU.Build.0 = Release|Any CPU
		{4F28C74A-BA2E-4BD3-9B7A-DECF62F4AF5A}.Debug|Any CPU.ActiveCfg = Debug|Any CPU
		{4F28C74A-BA2E-4BD3-9B7A-DECF62F4AF5A}.Debug|Any CPU.Build.0 = Debug|Any CPU
		{4F28C74A-BA2E-4BD3-9B7A-DECF62F4AF5A}.Release|Any CPU.ActiveCfg = Release|Any CPU
		{4F28C74A-BA2E-4BD3-9B7A-DECF62F4AF5A}.Release|Any CPU.Build.0 = Release|Any CPU
	EndGlobalSection
	GlobalSection(SolutionProperties) = preSolution
		HideSolutionNode = FALSE
	EndGlobalSection
	GlobalSection(NestedProjects) = preSolution
		{91853F21-9CD9-4132-BC29-A7D5D84FFFE7} = {04DBDB01-70F4-4E06-B468-8F87850B22BE}
		{EF480016-9127-4916-8735-D2466BDBC582} = {04DBDB01-70F4-4E06-B468-8F87850B22BE}
		{B8C7BBB5-8173-496E-A907-6652EEFDB38A} = {CA9AC87F-097E-4F15-8393-4BC07735A5B0}
		{ED76B9EE-5694-46E7-B665-1CD58EAAFB77} = {0400A1FA-BA58-4432-9824-E9CD4645B5B4}
		{5386112E-F636-4CC9-8DC0-35724E9691FA} = {EBF79182-B0B1-4856-8A06-C7B76E2839BC}
		{8574891B-8019-48C1-A853-8E0BDA025B5F} = {CA9AC87F-097E-4F15-8393-4BC07735A5B0}
		{4F28C74A-BA2E-4BD3-9B7A-DECF62F4AF5A} = {CA9AC87F-097E-4F15-8393-4BC07735A5B0}
	EndGlobalSection
	GlobalSection(ExtensibilityGlobals) = postSolution
		SolutionGuid = {28315BFD-90E7-4E14-A2EA-F3D23AF4126F}
	EndGlobalSection
EndGlobal
